
Microsoft Visual Studio Solution File, Format Version 12.00
# Visual Studio Version 16
VisualStudioVersion = 16.0.29102.190
MinimumVisualStudioVersion = 10.0.40219.1
Project("{FAE04EC0-301F-11D3-BF4B-00C04F79EFBC}") = "07_OrderByAge", "07_OrderByAge\07_OrderByAge.csproj", "{FF978623-217F-486D-9555-298426D684A8}"
EndProject
Global
	GlobalSection(SolutionConfigurationPlatforms) = preSolution
		Debug|Any CPU = Debug|Any CPU
		Release|Any CPU = Release|Any CPU
	EndGlobalSection
	GlobalSection(ProjectConfigurationPlatforms) = postSolution
		{FF978623-217F-486D-9555-298426D684A8}.Debug|Any CPU.ActiveCfg = Debug|Any CPU
		{FF978623-217F-486D-9555-298426D684A8}.Debug|Any CPU.Build.0 = Debug|Any CPU
		{FF978623-217F-486D-9555-298426D684A8}.Release|Any CPU.ActiveCfg = Release|Any CPU
		{FF978623-217F-486D-9555-298426D684A8}.Release|Any CPU.Build.0 = Release|Any CPU
	EndGlobalSection
	GlobalSection(SolutionProperties) = preSolution
		HideSolutionNode = FALSE
	EndGlobalSection
	GlobalSection(ExtensibilityGlobals) = postSolution
		SolutionGuid = {079F9C89-FDAB-4487-849B-181B64EC9DBC}
	EndGlobalSection
EndGlobal
