
Microsoft Visual Studio Solution File, Format Version 12.00
# Visual Studio Version 16
VisualStudioVersion = 16.0.29102.190
MinimumVisualStudioVersion = 10.0.40219.1
Project("{FAE04EC0-301F-11D3-BF4B-00C04F79EFBC}") = "02_SumMatrixColumns", "02_SumMatrixColumns\02_SumMatrixColumns.csproj", "{C84AE345-192F-4464-B855-EA21400C61DA}"
EndProject
Global
	GlobalSection(SolutionConfigurationPlatforms) = preSolution
		Debug|Any CPU = Debug|Any CPU
		Release|Any CPU = Release|Any CPU
	EndGlobalSection
	GlobalSection(ProjectConfigurationPlatforms) = postSolution
		{C84AE345-192F-4464-B855-EA21400C61DA}.Debug|Any CPU.ActiveCfg = Debug|Any CPU
		{C84AE345-192F-4464-B855-EA21400C61DA}.Debug|Any CPU.Build.0 = Debug|Any CPU
		{C84AE345-192F-4464-B855-EA21400C61DA}.Release|Any CPU.ActiveCfg = Release|Any CPU
		{C84AE345-192F-4464-B855-EA21400C61DA}.Release|Any CPU.Build.0 = Release|Any CPU
	EndGlobalSection
	GlobalSection(SolutionProperties) = preSolution
		HideSolutionNode = FALSE
	EndGlobalSection
	GlobalSection(ExtensibilityGlobals) = postSolution
		SolutionGuid = {0687EF23-EFD4-4AD0-9467-310011498578}
	EndGlobalSection
EndGlobal
