
Microsoft Visual Studio Solution File, Format Version 12.00
# Visual Studio Version 16
VisualStudioVersion = 16.0.29009.5
MinimumVisualStudioVersion = 10.0.40219.1
Project("{FAE04EC0-301F-11D3-BF4B-00C04F79EFBC}") = "commonElements", "commonElements\commonElements.csproj", "{A544F95E-2FD2-461D-A558-5DE8CDEC9904}"
EndProject
Global
	GlobalSection(SolutionConfigurationPlatforms) = preSolution
		Debug|Any CPU = Debug|Any CPU
		Release|Any CPU = Release|Any CPU
	EndGlobalSection
	GlobalSection(ProjectConfigurationPlatforms) = postSolution
		{A544F95E-2FD2-461D-A558-5DE8CDEC9904}.Debug|Any CPU.ActiveCfg = Debug|Any CPU
		{A544F95E-2FD2-461D-A558-5DE8CDEC9904}.Debug|Any CPU.Build.0 = Debug|Any CPU
		{A544F95E-2FD2-461D-A558-5DE8CDEC9904}.Release|Any CPU.ActiveCfg = Release|Any CPU
		{A544F95E-2FD2-461D-A558-5DE8CDEC9904}.Release|Any CPU.Build.0 = Release|Any CPU
	EndGlobalSection
	GlobalSection(SolutionProperties) = preSolution
		HideSolutionNode = FALSE
	EndGlobalSection
	GlobalSection(ExtensibilityGlobals) = postSolution
		SolutionGuid = {C2434264-7C8D-4149-A3C1-943F44E13F21}
	EndGlobalSection
EndGlobal
