
Microsoft Visual Studio Solution File, Format Version 12.00
# Visual Studio Version 16
VisualStudioVersion = 16.0.29009.5
MinimumVisualStudioVersion = 10.0.40219.1
Project("{FAE04EC0-301F-11D3-BF4B-00C04F79EFBC}") = "pluvaneWorldRecord", "pluvaneWorldRecord\pluvaneWorldRecord.csproj", "{703A87E7-1C8E-4851-AA1C-8D387BA59AB7}"
EndProject
Global
	GlobalSection(SolutionConfigurationPlatforms) = preSolution
		Debug|Any CPU = Debug|Any CPU
		Release|Any CPU = Release|Any CPU
	EndGlobalSection
	GlobalSection(ProjectConfigurationPlatforms) = postSolution
		{703A87E7-1C8E-4851-AA1C-8D387BA59AB7}.Debug|Any CPU.ActiveCfg = Debug|Any CPU
		{703A87E7-1C8E-4851-AA1C-8D387BA59AB7}.Debug|Any CPU.Build.0 = Debug|Any CPU
		{703A87E7-1C8E-4851-AA1C-8D387BA59AB7}.Release|Any CPU.ActiveCfg = Release|Any CPU
		{703A87E7-1C8E-4851-AA1C-8D387BA59AB7}.Release|Any CPU.Build.0 = Release|Any CPU
	EndGlobalSection
	GlobalSection(SolutionProperties) = preSolution
		HideSolutionNode = FALSE
	EndGlobalSection
	GlobalSection(ExtensibilityGlobals) = postSolution
		SolutionGuid = {65B6C953-F6AC-4C31-8162-C6C86521C34B}
	EndGlobalSection
EndGlobal
