
Microsoft Visual Studio Solution File, Format Version 12.00
# Visual Studio Version 16
VisualStudioVersion = 16.0.29009.5
MinimumVisualStudioVersion = 10.0.40219.1
Project("{FAE04EC0-301F-11D3-BF4B-00C04F79EFBC}") = "magicSum", "magicSum\magicSum.csproj", "{222D6EBA-3992-4AFF-A483-034DC523631B}"
EndProject
Global
	GlobalSection(SolutionConfigurationPlatforms) = preSolution
		Debug|Any CPU = Debug|Any CPU
		Release|Any CPU = Release|Any CPU
	EndGlobalSection
	GlobalSection(ProjectConfigurationPlatforms) = postSolution
		{222D6EBA-3992-4AFF-A483-034DC523631B}.Debug|Any CPU.ActiveCfg = Debug|Any CPU
		{222D6EBA-3992-4AFF-A483-034DC523631B}.Debug|Any CPU.Build.0 = Debug|Any CPU
		{222D6EBA-3992-4AFF-A483-034DC523631B}.Release|Any CPU.ActiveCfg = Release|Any CPU
		{222D6EBA-3992-4AFF-A483-034DC523631B}.Release|Any CPU.Build.0 = Release|Any CPU
	EndGlobalSection
	GlobalSection(SolutionProperties) = preSolution
		HideSolutionNode = FALSE
	EndGlobalSection
	GlobalSection(ExtensibilityGlobals) = postSolution
		SolutionGuid = {FC3885E3-BFB4-482B-816E-F7D3ADCC775B}
	EndGlobalSection
EndGlobal
