
Microsoft Visual Studio Solution File, Format Version 12.00
# Visual Studio Version 16
VisualStudioVersion = 16.0.29102.190
MinimumVisualStudioVersion = 10.0.40219.1
Project("{FAE04EC0-301F-11D3-BF4B-00C04F79EFBC}") = "07_PredicateForNames", "07_PredicateForNames\07_PredicateForNames.csproj", "{83CBD515-31FC-4219-BD38-104A4AF87D13}"
EndProject
Global
	GlobalSection(SolutionConfigurationPlatforms) = preSolution
		Debug|Any CPU = Debug|Any CPU
		Release|Any CPU = Release|Any CPU
	EndGlobalSection
	GlobalSection(ProjectConfigurationPlatforms) = postSolution
		{83CBD515-31FC-4219-BD38-104A4AF87D13}.Debug|Any CPU.ActiveCfg = Debug|Any CPU
		{83CBD515-31FC-4219-BD38-104A4AF87D13}.Debug|Any CPU.Build.0 = Debug|Any CPU
		{83CBD515-31FC-4219-BD38-104A4AF87D13}.Release|Any CPU.ActiveCfg = Release|Any CPU
		{83CBD515-31FC-4219-BD38-104A4AF87D13}.Release|Any CPU.Build.0 = Release|Any CPU
	EndGlobalSection
	GlobalSection(SolutionProperties) = preSolution
		HideSolutionNode = FALSE
	EndGlobalSection
	GlobalSection(ExtensibilityGlobals) = postSolution
		SolutionGuid = {8A6D627F-FB70-4732-9FFD-D87ED981A399}
	EndGlobalSection
EndGlobal
