
Microsoft Visual Studio Solution File, Format Version 12.00
# Visual Studio Version 16
VisualStudioVersion = 16.0.29102.190
MinimumVisualStudioVersion = 10.0.40219.1
Project("{FAE04EC0-301F-11D3-BF4B-00C04F79EFBC}") = "Exam6", "Exam6\Exam6.csproj", "{CAE0D39D-E421-4E05-A065-9817A8F2E2B5}"
EndProject
Global
	GlobalSection(SolutionConfigurationPlatforms) = preSolution
		Debug|Any CPU = Debug|Any CPU
		Release|Any CPU = Release|Any CPU
	EndGlobalSection
	GlobalSection(ProjectConfigurationPlatforms) = postSolution
		{CAE0D39D-E421-4E05-A065-9817A8F2E2B5}.Debug|Any CPU.ActiveCfg = Debug|Any CPU
		{CAE0D39D-E421-4E05-A065-9817A8F2E2B5}.Debug|Any CPU.Build.0 = Debug|Any CPU
		{CAE0D39D-E421-4E05-A065-9817A8F2E2B5}.Release|Any CPU.ActiveCfg = Release|Any CPU
		{CAE0D39D-E421-4E05-A065-9817A8F2E2B5}.Release|Any CPU.Build.0 = Release|Any CPU
	EndGlobalSection
	GlobalSection(SolutionProperties) = preSolution
		HideSolutionNode = FALSE
	EndGlobalSection
	GlobalSection(ExtensibilityGlobals) = postSolution
		SolutionGuid = {15329837-9A5B-492E-B4DF-B9A059B1926C}
	EndGlobalSection
EndGlobal
