
Microsoft Visual Studio Solution File, Format Version 12.00
# Visual Studio Version 16
VisualStudioVersion = 16.0.29102.190
MinimumVisualStudioVersion = 10.0.40219.1
Project("{FAE04EC0-301F-11D3-BF4B-00C04F79EFBC}") = "01_LAB_Car", "01_LAB_Car\01_LAB_Car.csproj", "{060C7ED6-88B5-4720-975E-8B2108735530}"
EndProject
Global
	GlobalSection(SolutionConfigurationPlatforms) = preSolution
		Debug|Any CPU = Debug|Any CPU
		Release|Any CPU = Release|Any CPU
	EndGlobalSection
	GlobalSection(ProjectConfigurationPlatforms) = postSolution
		{060C7ED6-88B5-4720-975E-8B2108735530}.Debug|Any CPU.ActiveCfg = Debug|Any CPU
		{060C7ED6-88B5-4720-975E-8B2108735530}.Debug|Any CPU.Build.0 = Debug|Any CPU
		{060C7ED6-88B5-4720-975E-8B2108735530}.Release|Any CPU.ActiveCfg = Release|Any CPU
		{060C7ED6-88B5-4720-975E-8B2108735530}.Release|Any CPU.Build.0 = Release|Any CPU
	EndGlobalSection
	GlobalSection(SolutionProperties) = preSolution
		HideSolutionNode = FALSE
	EndGlobalSection
	GlobalSection(ExtensibilityGlobals) = postSolution
		SolutionGuid = {B331CB33-1BFF-43C3-B4BA-A82E28E89FD7}
	EndGlobalSection
EndGlobal
