
Microsoft Visual Studio Solution File, Format Version 12.00
# Visual Studio Version 16
VisualStudioVersion = 16.0.29102.190
MinimumVisualStudioVersion = 10.0.40219.1
Project("{FAE04EC0-301F-11D3-BF4B-00C04F79EFBC}") = "05_LAB_SquareWithMaxSum", "05_LAB_SquareWithMaxSum\05_LAB_SquareWithMaxSum.csproj", "{2833A536-673E-41FF-848E-7EF9B0A01882}"
EndProject
Global
	GlobalSection(SolutionConfigurationPlatforms) = preSolution
		Debug|Any CPU = Debug|Any CPU
		Release|Any CPU = Release|Any CPU
	EndGlobalSection
	GlobalSection(ProjectConfigurationPlatforms) = postSolution
		{2833A536-673E-41FF-848E-7EF9B0A01882}.Debug|Any CPU.ActiveCfg = Debug|Any CPU
		{2833A536-673E-41FF-848E-7EF9B0A01882}.Debug|Any CPU.Build.0 = Debug|Any CPU
		{2833A536-673E-41FF-848E-7EF9B0A01882}.Release|Any CPU.ActiveCfg = Release|Any CPU
		{2833A536-673E-41FF-848E-7EF9B0A01882}.Release|Any CPU.Build.0 = Release|Any CPU
	EndGlobalSection
	GlobalSection(SolutionProperties) = preSolution
		HideSolutionNode = FALSE
	EndGlobalSection
	GlobalSection(ExtensibilityGlobals) = postSolution
		SolutionGuid = {8665C157-D7EE-4BFA-9B23-15FE33CB2BB2}
	EndGlobalSection
EndGlobal
