
Microsoft Visual Studio Solution File, Format Version 12.00
# Visual Studio Version 16
VisualStudioVersion = 16.0.29009.5
MinimumVisualStudioVersion = 10.0.40219.1
Project("{FAE04EC0-301F-11D3-BF4B-00C04F79EFBC}") = "FaceRectangular", "FaceRectangular\FaceRectangular.csproj", "{D0ABD830-A9B2-459B-976E-8B94B3F00783}"
EndProject
Global
	GlobalSection(SolutionConfigurationPlatforms) = preSolution
		Debug|Any CPU = Debug|Any CPU
		Release|Any CPU = Release|Any CPU
	EndGlobalSection
	GlobalSection(ProjectConfigurationPlatforms) = postSolution
		{D0ABD830-A9B2-459B-976E-8B94B3F00783}.Debug|Any CPU.ActiveCfg = Debug|Any CPU
		{D0ABD830-A9B2-459B-976E-8B94B3F00783}.Debug|Any CPU.Build.0 = Debug|Any CPU
		{D0ABD830-A9B2-459B-976E-8B94B3F00783}.Release|Any CPU.ActiveCfg = Release|Any CPU
		{D0ABD830-A9B2-459B-976E-8B94B3F00783}.Release|Any CPU.Build.0 = Release|Any CPU
	EndGlobalSection
	GlobalSection(SolutionProperties) = preSolution
		HideSolutionNode = FALSE
	EndGlobalSection
	GlobalSection(ExtensibilityGlobals) = postSolution
		SolutionGuid = {AA54B6F9-9CDF-4B82-807F-202A56FB1B8A}
	EndGlobalSection
EndGlobal
