
Microsoft Visual Studio Solution File, Format Version 12.00
# Visual Studio Version 16
VisualStudioVersion = 16.0.29102.190
MinimumVisualStudioVersion = 10.0.40219.1
Project("{FAE04EC0-301F-11D3-BF4B-00C04F79EFBC}") = "01_ActionPoint", "01_ActionPoint\01_ActionPoint.csproj", "{C9B0862F-2060-4309-AEF6-75D68FECAE11}"
EndProject
Global
	GlobalSection(SolutionConfigurationPlatforms) = preSolution
		Debug|Any CPU = Debug|Any CPU
		Release|Any CPU = Release|Any CPU
	EndGlobalSection
	GlobalSection(ProjectConfigurationPlatforms) = postSolution
		{C9B0862F-2060-4309-AEF6-75D68FECAE11}.Debug|Any CPU.ActiveCfg = Debug|Any CPU
		{C9B0862F-2060-4309-AEF6-75D68FECAE11}.Debug|Any CPU.Build.0 = Debug|Any CPU
		{C9B0862F-2060-4309-AEF6-75D68FECAE11}.Release|Any CPU.ActiveCfg = Release|Any CPU
		{C9B0862F-2060-4309-AEF6-75D68FECAE11}.Release|Any CPU.Build.0 = Release|Any CPU
	EndGlobalSection
	GlobalSection(SolutionProperties) = preSolution
		HideSolutionNode = FALSE
	EndGlobalSection
	GlobalSection(ExtensibilityGlobals) = postSolution
		SolutionGuid = {82C67194-96F8-4545-BAF8-AE7822B5783F}
	EndGlobalSection
EndGlobal
