
Microsoft Visual Studio Solution File, Format Version 12.00
# Visual Studio Version 16
VisualStudioVersion = 16.0.29009.5
MinimumVisualStudioVersion = 10.0.40219.1
Project("{FAE04EC0-301F-11D3-BF4B-00C04F79EFBC}") = "8_FactorialDivision", "8_FactorialDivision\8_FactorialDivision.csproj", "{C68D9D85-BC11-49B3-87C2-513715A27CBF}"
EndProject
Global
	GlobalSection(SolutionConfigurationPlatforms) = preSolution
		Debug|Any CPU = Debug|Any CPU
		Release|Any CPU = Release|Any CPU
	EndGlobalSection
	GlobalSection(ProjectConfigurationPlatforms) = postSolution
		{C68D9D85-BC11-49B3-87C2-513715A27CBF}.Debug|Any CPU.ActiveCfg = Debug|Any CPU
		{C68D9D85-BC11-49B3-87C2-513715A27CBF}.Debug|Any CPU.Build.0 = Debug|Any CPU
		{C68D9D85-BC11-49B3-87C2-513715A27CBF}.Release|Any CPU.ActiveCfg = Release|Any CPU
		{C68D9D85-BC11-49B3-87C2-513715A27CBF}.Release|Any CPU.Build.0 = Release|Any CPU
	EndGlobalSection
	GlobalSection(SolutionProperties) = preSolution
		HideSolutionNode = FALSE
	EndGlobalSection
	GlobalSection(ExtensibilityGlobals) = postSolution
		SolutionGuid = {62569E76-EE0B-436E-A8C2-463C3BFB13F2}
	EndGlobalSection
EndGlobal
