
Microsoft Visual Studio Solution File, Format Version 12.00
# Visual Studio Version 16
VisualStudioVersion = 16.0.29102.190
MinimumVisualStudioVersion = 10.0.40219.1
Project("{FAE04EC0-301F-11D3-BF4B-00C04F79EFBC}") = "02_LAB_SumNumbers", "02_LAB_SumNumbers\02_LAB_SumNumbers.csproj", "{FBE34EAB-8A7F-46FB-B898-6F2EBA34F750}"
EndProject
Global
	GlobalSection(SolutionConfigurationPlatforms) = preSolution
		Debug|Any CPU = Debug|Any CPU
		Release|Any CPU = Release|Any CPU
	EndGlobalSection
	GlobalSection(ProjectConfigurationPlatforms) = postSolution
		{FBE34EAB-8A7F-46FB-B898-6F2EBA34F750}.Debug|Any CPU.ActiveCfg = Debug|Any CPU
		{FBE34EAB-8A7F-46FB-B898-6F2EBA34F750}.Debug|Any CPU.Build.0 = Debug|Any CPU
		{FBE34EAB-8A7F-46FB-B898-6F2EBA34F750}.Release|Any CPU.ActiveCfg = Release|Any CPU
		{FBE34EAB-8A7F-46FB-B898-6F2EBA34F750}.Release|Any CPU.Build.0 = Release|Any CPU
	EndGlobalSection
	GlobalSection(SolutionProperties) = preSolution
		HideSolutionNode = FALSE
	EndGlobalSection
	GlobalSection(ExtensibilityGlobals) = postSolution
		SolutionGuid = {07DB878D-30F5-48C6-915D-49DC94572837}
	EndGlobalSection
EndGlobal
