
Microsoft Visual Studio Solution File, Format Version 12.00
# Visual Studio Version 16
VisualStudioVersion = 16.0.29102.190
MinimumVisualStudioVersion = 10.0.40219.1
Project("{FAE04EC0-301F-11D3-BF4B-00C04F79EFBC}") = "05_FashionButique", "05_FashionButique\05_FashionButique.csproj", "{4F3242C9-F43C-415C-867A-AB17E29FBBBE}"
EndProject
Global
	GlobalSection(SolutionConfigurationPlatforms) = preSolution
		Debug|Any CPU = Debug|Any CPU
		Release|Any CPU = Release|Any CPU
	EndGlobalSection
	GlobalSection(ProjectConfigurationPlatforms) = postSolution
		{4F3242C9-F43C-415C-867A-AB17E29FBBBE}.Debug|Any CPU.ActiveCfg = Debug|Any CPU
		{4F3242C9-F43C-415C-867A-AB17E29FBBBE}.Debug|Any CPU.Build.0 = Debug|Any CPU
		{4F3242C9-F43C-415C-867A-AB17E29FBBBE}.Release|Any CPU.ActiveCfg = Release|Any CPU
		{4F3242C9-F43C-415C-867A-AB17E29FBBBE}.Release|Any CPU.Build.0 = Release|Any CPU
	EndGlobalSection
	GlobalSection(SolutionProperties) = preSolution
		HideSolutionNode = FALSE
	EndGlobalSection
	GlobalSection(ExtensibilityGlobals) = postSolution
		SolutionGuid = {199B88BA-E86F-4E07-AFCC-34428E97DB30}
	EndGlobalSection
EndGlobal
