
Microsoft Visual Studio Solution File, Format Version 12.00
# Visual Studio Version 16
VisualStudioVersion = 16.0.29102.190
MinimumVisualStudioVersion = 10.0.40219.1
Project("{FAE04EC0-301F-11D3-BF4B-00C04F79EFBC}") = "11_KeyRevolver", "11_KeyRevolver\11_KeyRevolver.csproj", "{AA5C64B9-5AB9-4321-B7B8-66FDEE5216D4}"
EndProject
Global
	GlobalSection(SolutionConfigurationPlatforms) = preSolution
		Debug|Any CPU = Debug|Any CPU
		Release|Any CPU = Release|Any CPU
	EndGlobalSection
	GlobalSection(ProjectConfigurationPlatforms) = postSolution
		{AA5C64B9-5AB9-4321-B7B8-66FDEE5216D4}.Debug|Any CPU.ActiveCfg = Debug|Any CPU
		{AA5C64B9-5AB9-4321-B7B8-66FDEE5216D4}.Debug|Any CPU.Build.0 = Debug|Any CPU
		{AA5C64B9-5AB9-4321-B7B8-66FDEE5216D4}.Release|Any CPU.ActiveCfg = Release|Any CPU
		{AA5C64B9-5AB9-4321-B7B8-66FDEE5216D4}.Release|Any CPU.Build.0 = Release|Any CPU
	EndGlobalSection
	GlobalSection(SolutionProperties) = preSolution
		HideSolutionNode = FALSE
	EndGlobalSection
	GlobalSection(ExtensibilityGlobals) = postSolution
		SolutionGuid = {63D8D499-092F-4781-A575-B0CF612BDA06}
	EndGlobalSection
EndGlobal
