
Microsoft Visual Studio Solution File, Format Version 12.00
# Visual Studio Version 16
VisualStudioVersion = 16.0.29009.5
MinimumVisualStudioVersion = 10.0.40219.1
Project("{FAE04EC0-301F-11D3-BF4B-00C04F79EFBC}") = "Lodka", "Lodka\Lodka.csproj", "{7C1FF12B-2237-4BD9-9500-7C35AF14168F}"
EndProject
Global
	GlobalSection(SolutionConfigurationPlatforms) = preSolution
		Debug|Any CPU = Debug|Any CPU
		Release|Any CPU = Release|Any CPU
	EndGlobalSection
	GlobalSection(ProjectConfigurationPlatforms) = postSolution
		{7C1FF12B-2237-4BD9-9500-7C35AF14168F}.Debug|Any CPU.ActiveCfg = Debug|Any CPU
		{7C1FF12B-2237-4BD9-9500-7C35AF14168F}.Debug|Any CPU.Build.0 = Debug|Any CPU
		{7C1FF12B-2237-4BD9-9500-7C35AF14168F}.Release|Any CPU.ActiveCfg = Release|Any CPU
		{7C1FF12B-2237-4BD9-9500-7C35AF14168F}.Release|Any CPU.Build.0 = Release|Any CPU
	EndGlobalSection
	GlobalSection(SolutionProperties) = preSolution
		HideSolutionNode = FALSE
	EndGlobalSection
	GlobalSection(ExtensibilityGlobals) = postSolution
		SolutionGuid = {F4385395-D858-4DCC-A7DC-CC00441E0989}
	EndGlobalSection
EndGlobal
