
Microsoft Visual Studio Solution File, Format Version 12.00
# Visual Studio Version 16
VisualStudioVersion = 16.0.29102.190
MinimumVisualStudioVersion = 10.0.40219.1
Project("{FAE04EC0-301F-11D3-BF4B-00C04F79EFBC}") = "01_Hospital", "01_Hospital\01_Hospital.csproj", "{68A3F4CC-089F-4570-9E22-B6375470818F}"
EndProject
Global
	GlobalSection(SolutionConfigurationPlatforms) = preSolution
		Debug|Any CPU = Debug|Any CPU
		Release|Any CPU = Release|Any CPU
	EndGlobalSection
	GlobalSection(ProjectConfigurationPlatforms) = postSolution
		{68A3F4CC-089F-4570-9E22-B6375470818F}.Debug|Any CPU.ActiveCfg = Debug|Any CPU
		{68A3F4CC-089F-4570-9E22-B6375470818F}.Debug|Any CPU.Build.0 = Debug|Any CPU
		{68A3F4CC-089F-4570-9E22-B6375470818F}.Release|Any CPU.ActiveCfg = Release|Any CPU
		{68A3F4CC-089F-4570-9E22-B6375470818F}.Release|Any CPU.Build.0 = Release|Any CPU
	EndGlobalSection
	GlobalSection(SolutionProperties) = preSolution
		HideSolutionNode = FALSE
	EndGlobalSection
	GlobalSection(ExtensibilityGlobals) = postSolution
		SolutionGuid = {DFF4B101-FA21-480D-8508-F0DA497FD567}
	EndGlobalSection
EndGlobal
