
Microsoft Visual Studio Solution File, Format Version 12.00
# Visual Studio Version 16
VisualStudioVersion = 16.0.29009.5
MinimumVisualStudioVersion = 10.0.40219.1
Project("{FAE04EC0-301F-11D3-BF4B-00C04F79EFBC}") = "2_VowelsCount", "2_VowelsCount\2_VowelsCount.csproj", "{A80FA3F4-4063-4E0C-8DFA-BE7CDF289E7F}"
EndProject
Global
	GlobalSection(SolutionConfigurationPlatforms) = preSolution
		Debug|Any CPU = Debug|Any CPU
		Release|Any CPU = Release|Any CPU
	EndGlobalSection
	GlobalSection(ProjectConfigurationPlatforms) = postSolution
		{A80FA3F4-4063-4E0C-8DFA-BE7CDF289E7F}.Debug|Any CPU.ActiveCfg = Debug|Any CPU
		{A80FA3F4-4063-4E0C-8DFA-BE7CDF289E7F}.Debug|Any CPU.Build.0 = Debug|Any CPU
		{A80FA3F4-4063-4E0C-8DFA-BE7CDF289E7F}.Release|Any CPU.ActiveCfg = Release|Any CPU
		{A80FA3F4-4063-4E0C-8DFA-BE7CDF289E7F}.Release|Any CPU.Build.0 = Release|Any CPU
	EndGlobalSection
	GlobalSection(SolutionProperties) = preSolution
		HideSolutionNode = FALSE
	EndGlobalSection
	GlobalSection(ExtensibilityGlobals) = postSolution
		SolutionGuid = {03AC80BC-80FE-4C77-85E5-8B20144AC091}
	EndGlobalSection
EndGlobal
