
Microsoft Visual Studio Solution File, Format Version 12.00
# Visual Studio Version 16
VisualStudioVersion = 16.0.29009.5
MinimumVisualStudioVersion = 10.0.40219.1
Project("{FAE04EC0-301F-11D3-BF4B-00C04F79EFBC}") = "Train", "Train\Train.csproj", "{DAE85304-06B0-4808-B62D-F7D74BB62A21}"
EndProject
Global
	GlobalSection(SolutionConfigurationPlatforms) = preSolution
		Debug|Any CPU = Debug|Any CPU
		Release|Any CPU = Release|Any CPU
	EndGlobalSection
	GlobalSection(ProjectConfigurationPlatforms) = postSolution
		{DAE85304-06B0-4808-B62D-F7D74BB62A21}.Debug|Any CPU.ActiveCfg = Debug|Any CPU
		{DAE85304-06B0-4808-B62D-F7D74BB62A21}.Debug|Any CPU.Build.0 = Debug|Any CPU
		{DAE85304-06B0-4808-B62D-F7D74BB62A21}.Release|Any CPU.ActiveCfg = Release|Any CPU
		{DAE85304-06B0-4808-B62D-F7D74BB62A21}.Release|Any CPU.Build.0 = Release|Any CPU
	EndGlobalSection
	GlobalSection(SolutionProperties) = preSolution
		HideSolutionNode = FALSE
	EndGlobalSection
	GlobalSection(ExtensibilityGlobals) = postSolution
		SolutionGuid = {F675D00B-D92F-49E2-B899-DE9C1D577A23}
	EndGlobalSection
EndGlobal
