
Microsoft Visual Studio Solution File, Format Version 12.00
# Visual Studio Version 16
VisualStudioVersion = 16.0.29102.190
MinimumVisualStudioVersion = 10.0.40219.1
Project("{FAE04EC0-301F-11D3-BF4B-00C04F79EFBC}") = "03_Article2.0", "03_Article2.0\03_Article2.0.csproj", "{06A4765A-C59E-411D-94F1-E0F598461C49}"
EndProject
Global
	GlobalSection(SolutionConfigurationPlatforms) = preSolution
		Debug|Any CPU = Debug|Any CPU
		Release|Any CPU = Release|Any CPU
	EndGlobalSection
	GlobalSection(ProjectConfigurationPlatforms) = postSolution
		{06A4765A-C59E-411D-94F1-E0F598461C49}.Debug|Any CPU.ActiveCfg = Debug|Any CPU
		{06A4765A-C59E-411D-94F1-E0F598461C49}.Debug|Any CPU.Build.0 = Debug|Any CPU
		{06A4765A-C59E-411D-94F1-E0F598461C49}.Release|Any CPU.ActiveCfg = Release|Any CPU
		{06A4765A-C59E-411D-94F1-E0F598461C49}.Release|Any CPU.Build.0 = Release|Any CPU
	EndGlobalSection
	GlobalSection(SolutionProperties) = preSolution
		HideSolutionNode = FALSE
	EndGlobalSection
	GlobalSection(ExtensibilityGlobals) = postSolution
		SolutionGuid = {96AA865C-AABE-488E-BF36-1C587788BCF0}
	EndGlobalSection
EndGlobal
