
Microsoft Visual Studio Solution File, Format Version 12.00
# Visual Studio Version 16
VisualStudioVersion = 16.0.29102.190
MinimumVisualStudioVersion = 10.0.40219.1
Project("{FAE04EC0-301F-11D3-BF4B-00C04F79EFBC}") = "01_BasicStackOperation", "01_BasicStackOperation\01_BasicStackOperation.csproj", "{C3A98515-5F57-47A8-8B3D-FF9AE4BABC12}"
EndProject
Global
	GlobalSection(SolutionConfigurationPlatforms) = preSolution
		Debug|Any CPU = Debug|Any CPU
		Release|Any CPU = Release|Any CPU
	EndGlobalSection
	GlobalSection(ProjectConfigurationPlatforms) = postSolution
		{C3A98515-5F57-47A8-8B3D-FF9AE4BABC12}.Debug|Any CPU.ActiveCfg = Debug|Any CPU
		{C3A98515-5F57-47A8-8B3D-FF9AE4BABC12}.Debug|Any CPU.Build.0 = Debug|Any CPU
		{C3A98515-5F57-47A8-8B3D-FF9AE4BABC12}.Release|Any CPU.ActiveCfg = Release|Any CPU
		{C3A98515-5F57-47A8-8B3D-FF9AE4BABC12}.Release|Any CPU.Build.0 = Release|Any CPU
	EndGlobalSection
	GlobalSection(SolutionProperties) = preSolution
		HideSolutionNode = FALSE
	EndGlobalSection
	GlobalSection(ExtensibilityGlobals) = postSolution
		SolutionGuid = {FE835C3B-6756-4232-9041-38A0D853FC48}
	EndGlobalSection
EndGlobal
