
Microsoft Visual Studio Solution File, Format Version 12.00
# Visual Studio Version 16
VisualStudioVersion = 16.0.29102.190
MinimumVisualStudioVersion = 10.0.40219.1
Project("{FAE04EC0-301F-11D3-BF4B-00C04F79EFBC}") = "04_FastFood", "04_FastFood\04_FastFood.csproj", "{57F25656-4FBA-441F-B515-D202937BC666}"
EndProject
Global
	GlobalSection(SolutionConfigurationPlatforms) = preSolution
		Debug|Any CPU = Debug|Any CPU
		Release|Any CPU = Release|Any CPU
	EndGlobalSection
	GlobalSection(ProjectConfigurationPlatforms) = postSolution
		{57F25656-4FBA-441F-B515-D202937BC666}.Debug|Any CPU.ActiveCfg = Debug|Any CPU
		{57F25656-4FBA-441F-B515-D202937BC666}.Debug|Any CPU.Build.0 = Debug|Any CPU
		{57F25656-4FBA-441F-B515-D202937BC666}.Release|Any CPU.ActiveCfg = Release|Any CPU
		{57F25656-4FBA-441F-B515-D202937BC666}.Release|Any CPU.Build.0 = Release|Any CPU
	EndGlobalSection
	GlobalSection(SolutionProperties) = preSolution
		HideSolutionNode = FALSE
	EndGlobalSection
	GlobalSection(ExtensibilityGlobals) = postSolution
		SolutionGuid = {55EFF758-0A90-43EF-8CE8-E4C0F1EEA341}
	EndGlobalSection
EndGlobal
