
Microsoft Visual Studio Solution File, Format Version 12.00
# Visual Studio Version 16
VisualStudioVersion = 16.0.29102.190
MinimumVisualStudioVersion = 10.0.40219.1
Project("{FAE04EC0-301F-11D3-BF4B-00C04F79EFBC}") = "02_CreatingConstructors", "02_CreatingConstructors\02_CreatingConstructors.csproj", "{7D83FF8E-4433-448F-8B21-81860CCF4E17}"
EndProject
Global
	GlobalSection(SolutionConfigurationPlatforms) = preSolution
		Debug|Any CPU = Debug|Any CPU
		Release|Any CPU = Release|Any CPU
	EndGlobalSection
	GlobalSection(ProjectConfigurationPlatforms) = postSolution
		{7D83FF8E-4433-448F-8B21-81860CCF4E17}.Debug|Any CPU.ActiveCfg = Debug|Any CPU
		{7D83FF8E-4433-448F-8B21-81860CCF4E17}.Debug|Any CPU.Build.0 = Debug|Any CPU
		{7D83FF8E-4433-448F-8B21-81860CCF4E17}.Release|Any CPU.ActiveCfg = Release|Any CPU
		{7D83FF8E-4433-448F-8B21-81860CCF4E17}.Release|Any CPU.Build.0 = Release|Any CPU
	EndGlobalSection
	GlobalSection(SolutionProperties) = preSolution
		HideSolutionNode = FALSE
	EndGlobalSection
	GlobalSection(ExtensibilityGlobals) = postSolution
		SolutionGuid = {0AA56B74-86D7-43B4-8C15-8B2AB82E7ABD}
	EndGlobalSection
EndGlobal
