
Microsoft Visual Studio Solution File, Format Version 12.00
# Visual Studio Version 16
VisualStudioVersion = 16.0.29102.190
MinimumVisualStudioVersion = 10.0.40219.1
Project("{FAE04EC0-301F-11D3-BF4B-00C04F79EFBC}") = "04_CeasarCipher", "04_CeasarCipher\04_CeasarCipher.csproj", "{5C88F812-D358-46DC-981E-E2F82B8CA458}"
EndProject
Global
	GlobalSection(SolutionConfigurationPlatforms) = preSolution
		Debug|Any CPU = Debug|Any CPU
		Release|Any CPU = Release|Any CPU
	EndGlobalSection
	GlobalSection(ProjectConfigurationPlatforms) = postSolution
		{5C88F812-D358-46DC-981E-E2F82B8CA458}.Debug|Any CPU.ActiveCfg = Debug|Any CPU
		{5C88F812-D358-46DC-981E-E2F82B8CA458}.Debug|Any CPU.Build.0 = Debug|Any CPU
		{5C88F812-D358-46DC-981E-E2F82B8CA458}.Release|Any CPU.ActiveCfg = Release|Any CPU
		{5C88F812-D358-46DC-981E-E2F82B8CA458}.Release|Any CPU.Build.0 = Release|Any CPU
	EndGlobalSection
	GlobalSection(SolutionProperties) = preSolution
		HideSolutionNode = FALSE
	EndGlobalSection
	GlobalSection(ExtensibilityGlobals) = postSolution
		SolutionGuid = {0B78C6F8-CD4D-47A5-951D-B5C954C727C5}
	EndGlobalSection
EndGlobal
