
Microsoft Visual Studio Solution File, Format Version 12.00
# Visual Studio Version 16
VisualStudioVersion = 16.0.29102.190
MinimumVisualStudioVersion = 10.0.40219.1
Project("{FAE04EC0-301F-11D3-BF4B-00C04F79EFBC}") = "Test_EFCore", "Test_EFCore\Test_EFCore.csproj", "{F14D5CC4-FD16-41C6-9E6C-192A5F5C471A}"
EndProject
Global
	GlobalSection(SolutionConfigurationPlatforms) = preSolution
		Debug|Any CPU = Debug|Any CPU
		Release|Any CPU = Release|Any CPU
	EndGlobalSection
	GlobalSection(ProjectConfigurationPlatforms) = postSolution
		{F14D5CC4-FD16-41C6-9E6C-192A5F5C471A}.Debug|Any CPU.ActiveCfg = Debug|Any CPU
		{F14D5CC4-FD16-41C6-9E6C-192A5F5C471A}.Debug|Any CPU.Build.0 = Debug|Any CPU
		{F14D5CC4-FD16-41C6-9E6C-192A5F5C471A}.Release|Any CPU.ActiveCfg = Release|Any CPU
		{F14D5CC4-FD16-41C6-9E6C-192A5F5C471A}.Release|Any CPU.Build.0 = Release|Any CPU
	EndGlobalSection
	GlobalSection(SolutionProperties) = preSolution
		HideSolutionNode = FALSE
	EndGlobalSection
	GlobalSection(ExtensibilityGlobals) = postSolution
		SolutionGuid = {FDF8B960-D6B8-4797-82A0-11FB7C7F06BB}
	EndGlobalSection
EndGlobal
