
Microsoft Visual Studio Solution File, Format Version 12.00
# Visual Studio Version 16
VisualStudioVersion = 16.0.29102.190
MinimumVisualStudioVersion = 10.0.40219.1
Project("{FAE04EC0-301F-11D3-BF4B-00C04F79EFBC}") = "IteratorsAndComparators", "01_LAB_Library\IteratorsAndComparators.csproj", "{845BD188-38A6-4926-9591-318C0D9BB5CE}"
EndProject
Global
	GlobalSection(SolutionConfigurationPlatforms) = preSolution
		Debug|Any CPU = Debug|Any CPU
		Release|Any CPU = Release|Any CPU
	EndGlobalSection
	GlobalSection(ProjectConfigurationPlatforms) = postSolution
		{845BD188-38A6-4926-9591-318C0D9BB5CE}.Debug|Any CPU.ActiveCfg = Debug|Any CPU
		{845BD188-38A6-4926-9591-318C0D9BB5CE}.Debug|Any CPU.Build.0 = Debug|Any CPU
		{845BD188-38A6-4926-9591-318C0D9BB5CE}.Release|Any CPU.ActiveCfg = Release|Any CPU
		{845BD188-38A6-4926-9591-318C0D9BB5CE}.Release|Any CPU.Build.0 = Release|Any CPU
	EndGlobalSection
	GlobalSection(SolutionProperties) = preSolution
		HideSolutionNode = FALSE
	EndGlobalSection
	GlobalSection(ExtensibilityGlobals) = postSolution
		SolutionGuid = {8D3453F6-95B5-486C-8C31-2137090D125B}
	EndGlobalSection
EndGlobal
