
Microsoft Visual Studio Solution File, Format Version 12.00
# Visual Studio Version 16
VisualStudioVersion = 16.0.29102.190
MinimumVisualStudioVersion = 10.0.40219.1
Project("{FAE04EC0-301F-11D3-BF4B-00C04F79EFBC}") = "CarManufacturer", "02_LAB_CarExtension\CarManufacturer.csproj", "{64026116-DDEA-4CE4-A789-2ECF08AC5B7B}"
EndProject
Global
	GlobalSection(SolutionConfigurationPlatforms) = preSolution
		Debug|Any CPU = Debug|Any CPU
		Release|Any CPU = Release|Any CPU
	EndGlobalSection
	GlobalSection(ProjectConfigurationPlatforms) = postSolution
		{64026116-DDEA-4CE4-A789-2ECF08AC5B7B}.Debug|Any CPU.ActiveCfg = Debug|Any CPU
		{64026116-DDEA-4CE4-A789-2ECF08AC5B7B}.Debug|Any CPU.Build.0 = Debug|Any CPU
		{64026116-DDEA-4CE4-A789-2ECF08AC5B7B}.Release|Any CPU.ActiveCfg = Release|Any CPU
		{64026116-DDEA-4CE4-A789-2ECF08AC5B7B}.Release|Any CPU.Build.0 = Release|Any CPU
	EndGlobalSection
	GlobalSection(SolutionProperties) = preSolution
		HideSolutionNode = FALSE
	EndGlobalSection
	GlobalSection(ExtensibilityGlobals) = postSolution
		SolutionGuid = {0CE3C8BF-D2D1-440A-BCD6-D07AE055672C}
	EndGlobalSection
EndGlobal
