
Microsoft Visual Studio Solution File, Format Version 12.00
# Visual Studio Version 16
VisualStudioVersion = 16.0.29102.190
MinimumVisualStudioVersion = 10.0.40219.1
Project("{FAE04EC0-301F-11D3-BF4B-00C04F79EFBC}") = "05_LAB_PrintEvenNumbers", "05_LAB_PrintEvenNumbers\05_LAB_PrintEvenNumbers.csproj", "{48582518-2993-4340-9CBA-AA836EFD69FC}"
EndProject
Global
	GlobalSection(SolutionConfigurationPlatforms) = preSolution
		Debug|Any CPU = Debug|Any CPU
		Release|Any CPU = Release|Any CPU
	EndGlobalSection
	GlobalSection(ProjectConfigurationPlatforms) = postSolution
		{48582518-2993-4340-9CBA-AA836EFD69FC}.Debug|Any CPU.ActiveCfg = Debug|Any CPU
		{48582518-2993-4340-9CBA-AA836EFD69FC}.Debug|Any CPU.Build.0 = Debug|Any CPU
		{48582518-2993-4340-9CBA-AA836EFD69FC}.Release|Any CPU.ActiveCfg = Release|Any CPU
		{48582518-2993-4340-9CBA-AA836EFD69FC}.Release|Any CPU.Build.0 = Release|Any CPU
	EndGlobalSection
	GlobalSection(SolutionProperties) = preSolution
		HideSolutionNode = FALSE
	EndGlobalSection
	GlobalSection(ExtensibilityGlobals) = postSolution
		SolutionGuid = {0016249A-687A-42E9-A451-46D560B93499}
	EndGlobalSection
EndGlobal
