
Microsoft Visual Studio Solution File, Format Version 12.00
# Visual Studio Version 16
VisualStudioVersion = 16.0.29102.190
MinimumVisualStudioVersion = 10.0.40219.1
Project("{FAE04EC0-301F-11D3-BF4B-00C04F79EFBC}") = "01_ListyOperator", "01_ListyOperator\01_ListyOperator.csproj", "{8D71ED8E-3AC5-4051-ADF7-1DC6E40A73AE}"
EndProject
Global
	GlobalSection(SolutionConfigurationPlatforms) = preSolution
		Debug|Any CPU = Debug|Any CPU
		Release|Any CPU = Release|Any CPU
	EndGlobalSection
	GlobalSection(ProjectConfigurationPlatforms) = postSolution
		{8D71ED8E-3AC5-4051-ADF7-1DC6E40A73AE}.Debug|Any CPU.ActiveCfg = Debug|Any CPU
		{8D71ED8E-3AC5-4051-ADF7-1DC6E40A73AE}.Debug|Any CPU.Build.0 = Debug|Any CPU
		{8D71ED8E-3AC5-4051-ADF7-1DC6E40A73AE}.Release|Any CPU.ActiveCfg = Release|Any CPU
		{8D71ED8E-3AC5-4051-ADF7-1DC6E40A73AE}.Release|Any CPU.Build.0 = Release|Any CPU
	EndGlobalSection
	GlobalSection(SolutionProperties) = preSolution
		HideSolutionNode = FALSE
	EndGlobalSection
	GlobalSection(ExtensibilityGlobals) = postSolution
		SolutionGuid = {7ACEACF0-D270-492D-8102-33B690077831}
	EndGlobalSection
EndGlobal
