
Microsoft Visual Studio Solution File, Format Version 12.00
# Visual Studio Version 16
VisualStudioVersion = 16.0.29102.190
MinimumVisualStudioVersion = 10.0.40219.1
Project("{FAE04EC0-301F-11D3-BF4B-00C04F79EFBC}") = "Exam2", "Exam2\Exam2.csproj", "{287FC606-BE65-4B64-8FC8-EF33A419CC73}"
EndProject
Global
	GlobalSection(SolutionConfigurationPlatforms) = preSolution
		Debug|Any CPU = Debug|Any CPU
		Release|Any CPU = Release|Any CPU
	EndGlobalSection
	GlobalSection(ProjectConfigurationPlatforms) = postSolution
		{287FC606-BE65-4B64-8FC8-EF33A419CC73}.Debug|Any CPU.ActiveCfg = Debug|Any CPU
		{287FC606-BE65-4B64-8FC8-EF33A419CC73}.Debug|Any CPU.Build.0 = Debug|Any CPU
		{287FC606-BE65-4B64-8FC8-EF33A419CC73}.Release|Any CPU.ActiveCfg = Release|Any CPU
		{287FC606-BE65-4B64-8FC8-EF33A419CC73}.Release|Any CPU.Build.0 = Release|Any CPU
	EndGlobalSection
	GlobalSection(SolutionProperties) = preSolution
		HideSolutionNode = FALSE
	EndGlobalSection
	GlobalSection(ExtensibilityGlobals) = postSolution
		SolutionGuid = {973C86BD-B0F0-491F-860C-0AB8F42C5ECE}
	EndGlobalSection
EndGlobal
