
Microsoft Visual Studio Solution File, Format Version 12.00
# Visual Studio Version 16
VisualStudioVersion = 16.0.29102.190
MinimumVisualStudioVersion = 10.0.40219.1
Project("{FAE04EC0-301F-11D3-BF4B-00C04F79EFBC}") = "06_AutoRepairAndService", "06_AutoRepairAndService\06_AutoRepairAndService.csproj", "{C093D00C-6D39-4952-99A5-E5C95558F5DD}"
EndProject
Global
	GlobalSection(SolutionConfigurationPlatforms) = preSolution
		Debug|Any CPU = Debug|Any CPU
		Release|Any CPU = Release|Any CPU
	EndGlobalSection
	GlobalSection(ProjectConfigurationPlatforms) = postSolution
		{C093D00C-6D39-4952-99A5-E5C95558F5DD}.Debug|Any CPU.ActiveCfg = Debug|Any CPU
		{C093D00C-6D39-4952-99A5-E5C95558F5DD}.Debug|Any CPU.Build.0 = Debug|Any CPU
		{C093D00C-6D39-4952-99A5-E5C95558F5DD}.Release|Any CPU.ActiveCfg = Release|Any CPU
		{C093D00C-6D39-4952-99A5-E5C95558F5DD}.Release|Any CPU.Build.0 = Release|Any CPU
	EndGlobalSection
	GlobalSection(SolutionProperties) = preSolution
		HideSolutionNode = FALSE
	EndGlobalSection
	GlobalSection(ExtensibilityGlobals) = postSolution
		SolutionGuid = {D3E38018-FCCA-4B30-B82C-2BD79240F006}
	EndGlobalSection
EndGlobal
