
Microsoft Visual Studio Solution File, Format Version 12.00
# Visual Studio Version 16
VisualStudioVersion = 16.0.29102.190
MinimumVisualStudioVersion = 10.0.40219.1
Project("{FAE04EC0-301F-11D3-BF4B-00C04F79EFBC}") = "03_OldestFamilyMember", "03_OldestFamilyMember\03_OldestFamilyMember.csproj", "{A634DBD3-0511-4208-A913-3E197C2DE6AB}"
EndProject
Global
	GlobalSection(SolutionConfigurationPlatforms) = preSolution
		Debug|Any CPU = Debug|Any CPU
		Release|Any CPU = Release|Any CPU
	EndGlobalSection
	GlobalSection(ProjectConfigurationPlatforms) = postSolution
		{A634DBD3-0511-4208-A913-3E197C2DE6AB}.Debug|Any CPU.ActiveCfg = Debug|Any CPU
		{A634DBD3-0511-4208-A913-3E197C2DE6AB}.Debug|Any CPU.Build.0 = Debug|Any CPU
		{A634DBD3-0511-4208-A913-3E197C2DE6AB}.Release|Any CPU.ActiveCfg = Release|Any CPU
		{A634DBD3-0511-4208-A913-3E197C2DE6AB}.Release|Any CPU.Build.0 = Release|Any CPU
	EndGlobalSection
	GlobalSection(SolutionProperties) = preSolution
		HideSolutionNode = FALSE
	EndGlobalSection
	GlobalSection(ExtensibilityGlobals) = postSolution
		SolutionGuid = {C29C8BAB-8F35-4E83-8097-AA414FC6C89E}
	EndGlobalSection
EndGlobal
