
Microsoft Visual Studio Solution File, Format Version 12.00
# Visual Studio Version 16
VisualStudioVersion = 16.0.29102.190
MinimumVisualStudioVersion = 10.0.40219.1
Project("{FAE04EC0-301F-11D3-BF4B-00C04F79EFBC}") = "Exam5", "Exam5\Exam5.csproj", "{B3B9A0B7-ECE0-4521-BC97-A6E3C7C288BD}"
EndProject
Global
	GlobalSection(SolutionConfigurationPlatforms) = preSolution
		Debug|Any CPU = Debug|Any CPU
		Release|Any CPU = Release|Any CPU
	EndGlobalSection
	GlobalSection(ProjectConfigurationPlatforms) = postSolution
		{B3B9A0B7-ECE0-4521-BC97-A6E3C7C288BD}.Debug|Any CPU.ActiveCfg = Debug|Any CPU
		{B3B9A0B7-ECE0-4521-BC97-A6E3C7C288BD}.Debug|Any CPU.Build.0 = Debug|Any CPU
		{B3B9A0B7-ECE0-4521-BC97-A6E3C7C288BD}.Release|Any CPU.ActiveCfg = Release|Any CPU
		{B3B9A0B7-ECE0-4521-BC97-A6E3C7C288BD}.Release|Any CPU.Build.0 = Release|Any CPU
	EndGlobalSection
	GlobalSection(SolutionProperties) = preSolution
		HideSolutionNode = FALSE
	EndGlobalSection
	GlobalSection(ExtensibilityGlobals) = postSolution
		SolutionGuid = {13BA072B-433F-43D1-9D33-AD7BC1B0DF76}
	EndGlobalSection
EndGlobal
