
Microsoft Visual Studio Solution File, Format Version 12.00
# Visual Studio Version 16
VisualStudioVersion = 16.0.29102.190
MinimumVisualStudioVersion = 10.0.40219.1
Project("{FAE04EC0-301F-11D3-BF4B-00C04F79EFBC}") = "05_SoftUniParking", "05_SoftUniParking\05_SoftUniParking.csproj", "{B5A48896-8270-4A7A-8E39-DFE8E558371A}"
EndProject
Global
	GlobalSection(SolutionConfigurationPlatforms) = preSolution
		Debug|Any CPU = Debug|Any CPU
		Release|Any CPU = Release|Any CPU
	EndGlobalSection
	GlobalSection(ProjectConfigurationPlatforms) = postSolution
		{B5A48896-8270-4A7A-8E39-DFE8E558371A}.Debug|Any CPU.ActiveCfg = Debug|Any CPU
		{B5A48896-8270-4A7A-8E39-DFE8E558371A}.Debug|Any CPU.Build.0 = Debug|Any CPU
		{B5A48896-8270-4A7A-8E39-DFE8E558371A}.Release|Any CPU.ActiveCfg = Release|Any CPU
		{B5A48896-8270-4A7A-8E39-DFE8E558371A}.Release|Any CPU.Build.0 = Release|Any CPU
	EndGlobalSection
	GlobalSection(SolutionProperties) = preSolution
		HideSolutionNode = FALSE
	EndGlobalSection
	GlobalSection(ExtensibilityGlobals) = postSolution
		SolutionGuid = {0F67AA7A-C06F-478B-A13B-C63A27B4C5D8}
	EndGlobalSection
EndGlobal
