
Microsoft Visual Studio Solution File, Format Version 12.00
# Visual Studio Version 16
VisualStudioVersion = 16.0.29102.190
MinimumVisualStudioVersion = 10.0.40219.1
Project("{FAE04EC0-301F-11D3-BF4B-00C04F79EFBC}") = "02_BasicQueueOperations", "02_BasicQueueOperations\02_BasicQueueOperations.csproj", "{53055E2C-7EFF-4764-87A5-D9114A4593A4}"
EndProject
Global
	GlobalSection(SolutionConfigurationPlatforms) = preSolution
		Debug|Any CPU = Debug|Any CPU
		Release|Any CPU = Release|Any CPU
	EndGlobalSection
	GlobalSection(ProjectConfigurationPlatforms) = postSolution
		{53055E2C-7EFF-4764-87A5-D9114A4593A4}.Debug|Any CPU.ActiveCfg = Debug|Any CPU
		{53055E2C-7EFF-4764-87A5-D9114A4593A4}.Debug|Any CPU.Build.0 = Debug|Any CPU
		{53055E2C-7EFF-4764-87A5-D9114A4593A4}.Release|Any CPU.ActiveCfg = Release|Any CPU
		{53055E2C-7EFF-4764-87A5-D9114A4593A4}.Release|Any CPU.Build.0 = Release|Any CPU
	EndGlobalSection
	GlobalSection(SolutionProperties) = preSolution
		HideSolutionNode = FALSE
	EndGlobalSection
	GlobalSection(ExtensibilityGlobals) = postSolution
		SolutionGuid = {4D1C8E73-E7E7-438B-A097-F3C9BC1CA989}
	EndGlobalSection
EndGlobal
