
Microsoft Visual Studio Solution File, Format Version 12.00
# Visual Studio Version 16
VisualStudioVersion = 16.0.29009.5
MinimumVisualStudioVersion = 10.0.40219.1
Project("{FAE04EC0-301F-11D3-BF4B-00C04F79EFBC}") = "Coins", "Coins\Coins.csproj", "{41E40B71-0546-4FFB-B155-3F686C674B8F}"
EndProject
Global
	GlobalSection(SolutionConfigurationPlatforms) = preSolution
		Debug|Any CPU = Debug|Any CPU
		Release|Any CPU = Release|Any CPU
	EndGlobalSection
	GlobalSection(ProjectConfigurationPlatforms) = postSolution
		{41E40B71-0546-4FFB-B155-3F686C674B8F}.Debug|Any CPU.ActiveCfg = Debug|Any CPU
		{41E40B71-0546-4FFB-B155-3F686C674B8F}.Debug|Any CPU.Build.0 = Debug|Any CPU
		{41E40B71-0546-4FFB-B155-3F686C674B8F}.Release|Any CPU.ActiveCfg = Release|Any CPU
		{41E40B71-0546-4FFB-B155-3F686C674B8F}.Release|Any CPU.Build.0 = Release|Any CPU
	EndGlobalSection
	GlobalSection(SolutionProperties) = preSolution
		HideSolutionNode = FALSE
	EndGlobalSection
	GlobalSection(ExtensibilityGlobals) = postSolution
		SolutionGuid = {12671391-7A9E-4716-BE11-A629B2EA5858}
	EndGlobalSection
EndGlobal
