
Microsoft Visual Studio Solution File, Format Version 12.00
# Visual Studio Version 16
VisualStudioVersion = 16.0.29009.5
MinimumVisualStudioVersion = 10.0.40219.1
Project("{FAE04EC0-301F-11D3-BF4B-00C04F79EFBC}") = "Shivashki_Ceh", "Shivashki_Ceh\Shivashki_Ceh.csproj", "{D930087F-E350-43CE-BF82-B9C1E72A59B8}"
EndProject
Global
	GlobalSection(SolutionConfigurationPlatforms) = preSolution
		Debug|Any CPU = Debug|Any CPU
		Release|Any CPU = Release|Any CPU
	EndGlobalSection
	GlobalSection(ProjectConfigurationPlatforms) = postSolution
		{D930087F-E350-43CE-BF82-B9C1E72A59B8}.Debug|Any CPU.ActiveCfg = Debug|Any CPU
		{D930087F-E350-43CE-BF82-B9C1E72A59B8}.Debug|Any CPU.Build.0 = Debug|Any CPU
		{D930087F-E350-43CE-BF82-B9C1E72A59B8}.Release|Any CPU.ActiveCfg = Release|Any CPU
		{D930087F-E350-43CE-BF82-B9C1E72A59B8}.Release|Any CPU.Build.0 = Release|Any CPU
	EndGlobalSection
	GlobalSection(SolutionProperties) = preSolution
		HideSolutionNode = FALSE
	EndGlobalSection
	GlobalSection(ExtensibilityGlobals) = postSolution
		SolutionGuid = {EDC3AC01-0C79-40CE-AECA-6B229F1FDE2E}
	EndGlobalSection
EndGlobal
