
Microsoft Visual Studio Solution File, Format Version 12.00
# Visual Studio Version 16
VisualStudioVersion = 16.0.29102.190
MinimumVisualStudioVersion = 10.0.40219.1
Project("{FAE04EC0-301F-11D3-BF4B-00C04F79EFBC}") = "01_LAB_SortEvenNumbers", "01_LAB_SortEvenNumbers\01_LAB_SortEvenNumbers.csproj", "{B9D3A709-56E3-4F10-A8CD-98F45FB28F75}"
EndProject
Global
	GlobalSection(SolutionConfigurationPlatforms) = preSolution
		Debug|Any CPU = Debug|Any CPU
		Release|Any CPU = Release|Any CPU
	EndGlobalSection
	GlobalSection(ProjectConfigurationPlatforms) = postSolution
		{B9D3A709-56E3-4F10-A8CD-98F45FB28F75}.Debug|Any CPU.ActiveCfg = Debug|Any CPU
		{B9D3A709-56E3-4F10-A8CD-98F45FB28F75}.Debug|Any CPU.Build.0 = Debug|Any CPU
		{B9D3A709-56E3-4F10-A8CD-98F45FB28F75}.Release|Any CPU.ActiveCfg = Release|Any CPU
		{B9D3A709-56E3-4F10-A8CD-98F45FB28F75}.Release|Any CPU.Build.0 = Release|Any CPU
	EndGlobalSection
	GlobalSection(SolutionProperties) = preSolution
		HideSolutionNode = FALSE
	EndGlobalSection
	GlobalSection(ExtensibilityGlobals) = postSolution
		SolutionGuid = {BB5DF468-4477-4C62-B512-1437BC2E882E}
	EndGlobalSection
EndGlobal
