
Microsoft Visual Studio Solution File, Format Version 12.00
# Visual Studio Version 16
VisualStudioVersion = 16.0.29102.190
MinimumVisualStudioVersion = 10.0.40219.1
Project("{FAE04EC0-301F-11D3-BF4B-00C04F79EFBC}") = "02_LAB_StackSum", "02_LAB_StackSum\02_LAB_StackSum.csproj", "{17B53CF8-4EC2-4F53-897B-AF7D676B5514}"
EndProject
Global
	GlobalSection(SolutionConfigurationPlatforms) = preSolution
		Debug|Any CPU = Debug|Any CPU
		Release|Any CPU = Release|Any CPU
	EndGlobalSection
	GlobalSection(ProjectConfigurationPlatforms) = postSolution
		{17B53CF8-4EC2-4F53-897B-AF7D676B5514}.Debug|Any CPU.ActiveCfg = Debug|Any CPU
		{17B53CF8-4EC2-4F53-897B-AF7D676B5514}.Debug|Any CPU.Build.0 = Debug|Any CPU
		{17B53CF8-4EC2-4F53-897B-AF7D676B5514}.Release|Any CPU.ActiveCfg = Release|Any CPU
		{17B53CF8-4EC2-4F53-897B-AF7D676B5514}.Release|Any CPU.Build.0 = Release|Any CPU
	EndGlobalSection
	GlobalSection(SolutionProperties) = preSolution
		HideSolutionNode = FALSE
	EndGlobalSection
	GlobalSection(ExtensibilityGlobals) = postSolution
		SolutionGuid = {D472397C-3A44-4636-9643-1F80BDD80F4D}
	EndGlobalSection
EndGlobal
